{
  "name": "mycelium-for-speckle",
  "version": "0.1.0",
  "lockfileVersion": 3,
  "requires": true,
  "packages": {
    "": {
      "name": "mycelium-for-speckle",
      "version": "0.1.0",
      "license": "Apache-2.0",
      "bin": {
        "mycelium-for-speckle": "connector.mjs"
      },
      "engines": {
        "node": ">=18"
      }
    }
  }
}
